{
    "_readme": [
        "This file locks the dependencies of your project to a known state",
        "Read more about it at http://getcomposer.org/doc/01-basic-usage.md#composer-lock-the-lock-file",
        "This file is @generated automatically"
    ],
    "hash": "9d17a169f388c4f4c892ee52e0d260f7",
    "packages": [
        {
            "name": "crodas/artifex",
            "version": "0.5.6",
            "source": {
                "type": "git",
                "url": "https://github.com/crodas/Artifex.git",
                "reference": "5990f8327f3825ff08d0bc305eadd4bb97c42cab"
            },
            "dist": {
                "type": "zip",
                "url": "https://api.github.com/repos/crodas/Artifex/zipball/5990f8327f3825ff08d0bc305eadd4bb97c42cab",
                "reference": "5990f8327f3825ff08d0bc305eadd4bb97c42cab",
                "shasum": ""
            },
            "require": {
                "php": ">=5.3.0"
            },
            "type": "library",
            "autoload": {
                "psr-0": {
                    "Artifex": "lib/"
                },
                "classmap": [
                    "lib/Artifex.php"
                ]
            },
            "notification-url": "https://packagist.org/downloads/",
            "authors": [
                {
                    "name": "César D. Rodas",
                    "email": "crodas@php.net"
                }
            ],
            "description": "Macros on steroids. The easiest way of generating code.",
            "time": "2013-10-28 01:17:54"
        },
        {
            "name": "crodas/class-info",
            "version": "dev-master",
            "source": {
                "type": "git",
                "url": "https://github.com/crodas/ClassInfo.git",
                "reference": "08bde8f5c7f52dfcfd51e0c50deb2a5ddc63ec67"
            },
            "dist": {
                "type": "zip",
                "url": "https://api.github.com/repos/crodas/ClassInfo/zipball/08bde8f5c7f52dfcfd51e0c50deb2a5ddc63ec67",
                "reference": "08bde8f5c7f52dfcfd51e0c50deb2a5ddc63ec67",
                "shasum": ""
            },
            "type": "library",
            "autoload": {
                "psr-0": {
                    "crodas": "lib/"
                }
            },
            "notification-url": "https://packagist.org/downloads/",
            "license": [
                "BSD-4-Clause"
            ],
            "authors": [
                {
                    "name": "César D. Rodas",
                    "email": "crodas@php.net"
                }
            ],
            "description": "Get classes and functions defined in a given file",
            "time": "2015-01-27 21:12:46"
        },
        {
            "name": "crodas/file-util",
            "version": "v0.1.16",
            "source": {
                "type": "git",
                "url": "https://github.com/crodas/FileUtils.git",
                "reference": "0a2876ccbbeadfd077010a6e99bf46fe6f0178a6"
            },
            "dist": {
                "type": "zip",
                "url": "https://api.github.com/repos/crodas/FileUtils/zipball/0a2876ccbbeadfd077010a6e99bf46fe6f0178a6",
                "reference": "0a2876ccbbeadfd077010a6e99bf46fe6f0178a6",
                "shasum": ""
            },
            "type": "library",
            "autoload": {
                "psr-0": {
                    "crodas": "lib/"
                }
            },
            "notification-url": "https://packagist.org/downloads/",
            "license": [
                "BSD-4-Clause"
            ],
            "authors": [
                {
                    "name": "César D. Rodas",
                    "email": "crodas@php.net"
                }
            ],
            "description": "Useful libraries to manipulate files",
            "time": "2015-01-06 01:42:03"
        },
        {
            "name": "crodas/notoj",
            "version": "dev-develop",
            "source": {
                "type": "git",
                "url": "https://github.com/crodas/Notoj.git",
                "reference": "10082ddb603241d4b48d2cbb2a5260b90c9d088f"
            },
            "dist": {
                "type": "zip",
                "url": "https://api.github.com/repos/crodas/Notoj/zipball/10082ddb603241d4b48d2cbb2a5260b90c9d088f",
                "reference": "10082ddb603241d4b48d2cbb2a5260b90c9d088f",
                "shasum": ""
            },
            "require": {
                "crodas/class-info": ">=0.1.11",
                "crodas/file-util": ">=0.1.14",
                "php": ">=5.3.0"
            },
            "type": "library",
            "autoload": {
                "psr-0": {
                    "Notoj": "lib/"
                }
            },
            "notification-url": "https://packagist.org/downloads/",
            "license": [
                "BSD-4-Clause"
            ],
            "authors": [
                {
                    "name": "César D. Rodas",
                    "email": "crodas@php.net"
                }
            ],
            "description": "Annotation parser. Uses reflection and provides cache out of the box.",
            "time": "2015-02-09 04:27:59"
        },
        {
            "name": "crodas/service-provider",
            "version": "v0.1.27",
            "source": {
                "type": "git",
                "url": "https://github.com/crodas/ServiceProvider.git",
                "reference": "1326060526630a5a52a6c93d2f9ad1e5d24a0119"
            },
            "dist": {
                "type": "zip",
                "url": "https://api.github.com/repos/crodas/ServiceProvider/zipball/1326060526630a5a52a6c93d2f9ad1e5d24a0119",
                "reference": "1326060526630a5a52a6c93d2f9ad1e5d24a0119",
                "shasum": ""
            },
            "require": {
                "crodas/file-util": "~0.1",
                "crodas/notoj": "dev-develop",
                "crodas/simple-view-engine": "~0.1",
                "crodas/watch-files": "~0.1",
                "seld/jsonlint": "*",
                "symfony/yaml": "*"
            },
            "type": "library",
            "autoload": {
                "psr-0": {
                    "ServiceProvider": "lib/"
                }
            },
            "notification-url": "https://packagist.org/downloads/",
            "license": [
                "BSD-4-Clause"
            ],
            "authors": [
                {
                    "name": "César D. Rodas",
                    "email": "crodas@php.net"
                }
            ],
            "description": "Little configuration manager and dependency injection",
            "time": "2015-01-28 13:37:56"
        },
        {
            "name": "crodas/simple-view-engine",
            "version": "v0.1.35",
            "source": {
                "type": "git",
                "url": "https://github.com/crodas/SimpleView.git",
                "reference": "de086034635c99595a5c99cc0b5b006d9d3aa690"
            },
            "dist": {
                "type": "zip",
                "url": "https://api.github.com/repos/crodas/SimpleView/zipball/de086034635c99595a5c99cc0b5b006d9d3aa690",
                "reference": "de086034635c99595a5c99cc0b5b006d9d3aa690",
                "shasum": ""
            },
            "require": {
                "crodas/service-provider": "~0.1",
                "crodas/watch-files": "*",
                "symfony/console": "*",
                "symfony/finder": "*"
            },
            "suggest": {
                "crodas/asset": "Simple assets manager for your views"
            },
            "type": "library",
            "autoload": {
                "classmap": [
                    "lib/"
                ]
            },
            "notification-url": "https://packagist.org/downloads/",
            "license": [
                "BSD-4-Clause"
            ],
            "authors": [
                {
                    "name": "César D. Rodas",
                    "email": "crodas@php.net"
                }
            ],
            "description": "Simple View engine designed to generate code. Based on Laravel's 4 Blade.",
            "time": "2015-01-27 00:40:51"
        },
        {
            "name": "crodas/watch-files",
            "version": "v0.1.6",
            "source": {
                "type": "git",
                "url": "https://github.com/crodas/WatchFiles.git",
                "reference": "e9e08aa4ee6e7503e57d953eebd50193bf7a2580"
            },
            "dist": {
                "type": "zip",
                "url": "https://api.github.com/repos/crodas/WatchFiles/zipball/e9e08aa4ee6e7503e57d953eebd50193bf7a2580",
                "reference": "e9e08aa4ee6e7503e57d953eebd50193bf7a2580",
                "shasum": ""
            },
            "require": {
                "crodas/file-util": ">=0.1.7",
                "crodas/simple-view-engine": "~0.1"
            },
            "type": "library",
            "autoload": {
                "psr-0": {
                    "WatchFiles": "lib/"
                }
            },
            "notification-url": "https://packagist.org/downloads/",
            "license": [
                "BSD-4-Clause"
            ],
            "authors": [
                {
                    "name": "César D. Rodas",
                    "email": "crodas@php.net"
                }
            ],
            "description": "Watch files and directories for changes",
            "time": "2015-01-04 19:16:44"
        },
        {
            "name": "seld/jsonlint",
            "version": "dev-master",
            "source": {
                "type": "git",
                "url": "https://github.com/Seldaek/jsonlint.git",
                "reference": "863ae85c6d3ef60ca49cb12bd051c4a0648c40c4"
            },
            "dist": {
                "type": "zip",
                "url": "https://api.github.com/repos/Seldaek/jsonlint/zipball/863ae85c6d3ef60ca49cb12bd051c4a0648c40c4",
                "reference": "863ae85c6d3ef60ca49cb12bd051c4a0648c40c4",
                "shasum": ""
            },
            "require": {
                "php": ">=5.3.0"
            },
            "bin": [
                "bin/jsonlint"
            ],
            "type": "library",
            "autoload": {
                "psr-4": {
                    "Seld\\JsonLint\\": "src/Seld/JsonLint/"
                }
            },
            "notification-url": "https://packagist.org/downloads/",
            "license": [
                "MIT"
            ],
            "authors": [
                {
                    "name": "Jordi Boggiano",
                    "email": "j.boggiano@seld.be",
                    "homepage": "http://seld.be"
                }
            ],
            "description": "JSON Linter",
            "keywords": [
                "json",
                "linter",
                "parser",
                "validator"
            ],
            "time": "2015-01-04 21:18:15"
        },
        {
            "name": "symfony/console",
            "version": "dev-master",
            "target-dir": "Symfony/Component/Console",
            "source": {
                "type": "git",
                "url": "https://github.com/symfony/Console.git",
                "reference": "9e5cc25219526658c9c8299150713b972b89beb7"
            },
            "dist": {
                "type": "zip",
                "url": "https://api.github.com/repos/symfony/Console/zipball/9e5cc25219526658c9c8299150713b972b89beb7",
                "reference": "9e5cc25219526658c9c8299150713b972b89beb7",
                "shasum": ""
            },
            "require": {
                "php": ">=5.5.9"
            },
            "require-dev": {
                "psr/log": "~1.0",
                "symfony/event-dispatcher": "~2.7|~3.0",
                "symfony/process": "~2.7|~3.0"
            },
            "suggest": {
                "psr/log": "For using the console logger",
                "symfony/event-dispatcher": "",
                "symfony/process": ""
            },
            "type": "library",
            "extra": {
                "branch-alias": {
                    "dev-master": "3.0-dev"
                }
            },
            "autoload": {
                "psr-0": {
                    "Symfony\\Component\\Console\\": ""
                }
            },
            "notification-url": "https://packagist.org/downloads/",
            "license": [
                "MIT"
            ],
            "authors": [
                {
                    "name": "Symfony Community",
                    "homepage": "http://symfony.com/contributors"
                },
                {
                    "name": "Fabien Potencier",
                    "email": "fabien@symfony.com"
                }
            ],
            "description": "Symfony Console Component",
            "homepage": "http://symfony.com",
            "time": "2015-02-05 08:35:18"
        },
        {
            "name": "symfony/finder",
            "version": "dev-master",
            "target-dir": "Symfony/Component/Finder",
            "source": {
                "type": "git",
                "url": "https://github.com/symfony/Finder.git",
                "reference": "37634be207646b5f9a8f550424d1a877731d37bd"
            },
            "dist": {
                "type": "zip",
                "url": "https://api.github.com/repos/symfony/Finder/zipball/37634be207646b5f9a8f550424d1a877731d37bd",
                "reference": "37634be207646b5f9a8f550424d1a877731d37bd",
                "shasum": ""
            },
            "require": {
                "php": ">=5.5.9"
            },
            "type": "library",
            "extra": {
                "branch-alias": {
                    "dev-master": "3.0-dev"
                }
            },
            "autoload": {
                "psr-0": {
                    "Symfony\\Component\\Finder\\": ""
                }
            },
            "notification-url": "https://packagist.org/downloads/",
            "license": [
                "MIT"
            ],
            "authors": [
                {
                    "name": "Symfony Community",
                    "homepage": "http://symfony.com/contributors"
                },
                {
                    "name": "Fabien Potencier",
                    "email": "fabien@symfony.com"
                }
            ],
            "description": "Symfony Finder Component",
            "homepage": "http://symfony.com",
            "time": "2015-01-03 08:04:30"
        },
        {
            "name": "symfony/yaml",
            "version": "dev-master",
            "target-dir": "Symfony/Component/Yaml",
            "source": {
                "type": "git",
                "url": "https://github.com/symfony/Yaml.git",
                "reference": "13ef40ee1437582f86fa805445363d0c694dae3a"
            },
            "dist": {
                "type": "zip",
                "url": "https://api.github.com/repos/symfony/Yaml/zipball/13ef40ee1437582f86fa805445363d0c694dae3a",
                "reference": "13ef40ee1437582f86fa805445363d0c694dae3a",
                "shasum": ""
            },
            "require": {
                "php": ">=5.5.9"
            },
            "type": "library",
            "extra": {
                "branch-alias": {
                    "dev-master": "3.0-dev"
                }
            },
            "autoload": {
                "psr-0": {
                    "Symfony\\Component\\Yaml\\": ""
                }
            },
            "notification-url": "https://packagist.org/downloads/",
            "license": [
                "MIT"
            ],
            "authors": [
                {
                    "name": "Symfony Community",
                    "homepage": "http://symfony.com/contributors"
                },
                {
                    "name": "Fabien Potencier",
                    "email": "fabien@symfony.com"
                }
            ],
            "description": "Symfony Yaml Component",
            "homepage": "http://symfony.com",
            "time": "2015-01-25 04:42:01"
        }
    ],
    "packages-dev": [
        {
            "name": "crodas/cli",
            "version": "v0.1.1",
            "source": {
                "type": "git",
                "url": "https://github.com/crodas/cli.git",
                "reference": "c0a85ec0a15e7dc6445d98dfdbb40fb22cde35db"
            },
            "dist": {
                "type": "zip",
                "url": "https://api.github.com/repos/crodas/cli/zipball/c0a85ec0a15e7dc6445d98dfdbb40fb22cde35db",
                "reference": "c0a85ec0a15e7dc6445d98dfdbb40fb22cde35db",
                "shasum": ""
            },
            "require": {
                "crodas/notoj": "*",
                "symfony/console": "*"
            },
            "type": "library",
            "autoload": {
                "psr-0": {
                    "crodas": "lib/"
                }
            },
            "notification-url": "https://packagist.org/downloads/",
            "license": [
                "BSD-4-Clause"
            ],
            "authors": [
                {
                    "name": "César D. Rodas",
                    "email": "crodas@php.net"
                }
            ],
            "description": "Simple and silly abstraction on top of symfony/console",
            "time": "2013-12-30 05:06:25"
        }
    ],
    "aliases": [],
    "minimum-stability": "dev",
    "stability-flags": {
        "crodas/notoj": 20
    },
    "prefer-stable": false,
    "prefer-lowest": false,
    "platform": {
        "php": ">=5.3"
    },
    "platform-dev": []
}
